
Microsoft Visual Studio Solution File, Format Version 12.00
# Visual Studio Version 17
VisualStudioVersion = 17.7.34202.233
MinimumVisualStudioVersion = 10.0.40219.1
Project("{FAE04EC0-301F-11D3-BF4B-00C04F79EFBC}") = "Metotlar", "Metotlar\Metotlar.csproj", "{3703295E-6636-4E3F-B2D5-3636E6F8E1E7}"
EndProject
Project("{FAE04EC0-301F-11D3-BF4B-00C04F79EFBC}") = "Matematik", "..\Matematik\Matematik.csproj", "{5210E480-DAB4-45F2-8067-5E7181CF6411}"
EndProject
Project("{FAE04EC0-301F-11D3-BF4B-00C04F79EFBC}") = "DegerVeReferansTipler", "..\DegerVeReferansTipler\DegerVeReferansTipler.csproj", "{C3BE8D2D-8531-4588-8780-22023A6C0646}"
EndProject
Global
	GlobalSection(SolutionConfigurationPlatforms) = preSolution
		Debug|Any CPU = Debug|Any CPU
		Release|Any CPU = Release|Any CPU
	EndGlobalSection
	GlobalSection(ProjectConfigurationPlatforms) = postSolution
		{3703295E-6636-4E3F-B2D5-3636E6F8E1E7}.Debug|Any CPU.ActiveCfg = Debug|Any CPU
		{3703295E-6636-4E3F-B2D5-3636E6F8E1E7}.Debug|Any CPU.Build.0 = Debug|Any CPU
		{3703295E-6636-4E3F-B2D5-3636E6F8E1E7}.Release|Any CPU.ActiveCfg = Release|Any CPU
		{3703295E-6636-4E3F-B2D5-3636E6F8E1E7}.Release|Any CPU.Build.0 = Release|Any CPU
		{5210E480-DAB4-45F2-8067-5E7181CF6411}.Debug|Any CPU.ActiveCfg = Debug|Any CPU
		{5210E480-DAB4-45F2-8067-5E7181CF6411}.Debug|Any CPU.Build.0 = Debug|Any CPU
		{5210E480-DAB4-45F2-8067-5E7181CF6411}.Release|Any CPU.ActiveCfg = Release|Any CPU
		{5210E480-DAB4-45F2-8067-5E7181CF6411}.Release|Any CPU.Build.0 = Release|Any CPU
		{C3BE8D2D-8531-4588-8780-22023A6C0646}.Debug|Any CPU.ActiveCfg = Debug|Any CPU
		{C3BE8D2D-8531-4588-8780-22023A6C0646}.Debug|Any CPU.Build.0 = Debug|Any CPU
		{C3BE8D2D-8531-4588-8780-22023A6C0646}.Release|Any CPU.ActiveCfg = Release|Any CPU
		{C3BE8D2D-8531-4588-8780-22023A6C0646}.Release|Any CPU.Build.0 = Release|Any CPU
	EndGlobalSection
	GlobalSection(SolutionProperties) = preSolution
		HideSolutionNode = FALSE
	EndGlobalSection
	GlobalSection(ExtensibilityGlobals) = postSolution
		SolutionGuid = {EC053914-25CF-4967-8A63-C6FBFB65B9A0}
	EndGlobalSection
EndGlobal
